
Microsoft Visual Studio Solution File, Format Version 12.00
# Visual Studio 15
VisualStudioVersion = 15.0.27428.2011
MinimumVisualStudioVersion = 10.0.40219.1
Project("{9A19103F-16F7-4668-BE54-9A1E7A4F7556}") = "BackBone.Net", "BackBone.Net.csproj", "{EAE72008-EC52-4476-875B-8795436BA56B}"
EndProject
Global
	GlobalSection(SolutionConfigurationPlatforms) = preSolution
		Debug|Any CPU = Debug|Any CPU
		Release|Any CPU = Release|Any CPU
	EndGlobalSection
	GlobalSection(ProjectConfigurationPlatforms) = postSolution
		{EAE72008-EC52-4476-875B-8795436BA56B}.Debug|Any CPU.ActiveCfg = Debug|Any CPU
		{EAE72008-EC52-4476-875B-8795436BA56B}.Debug|Any CPU.Build.0 = Debug|Any CPU
		{EAE72008-EC52-4476-875B-8795436BA56B}.Release|Any CPU.ActiveCfg = Release|Any CPU
		{EAE72008-EC52-4476-875B-8795436BA56B}.Release|Any CPU.Build.0 = Release|Any CPU
	EndGlobalSection
	GlobalSection(SolutionProperties) = preSolution
		HideSolutionNode = FALSE
	EndGlobalSection
	GlobalSection(ExtensibilityGlobals) = postSolution
		SolutionGuid = {48E1F989-177D-438D-B612-A763F71A840D}
	EndGlobalSection
EndGlobal
